PODS:
  - Flutter (1.0.0)
  - SnapKit (4.2.0)
  - youtube-ios-player-helper (0.1.6)
  - youtuyer (0.0.1):
    - Flutter
    - SnapKit (~> 4.0)
    - youtube-ios-player-helper (~> 0.1.4)

DEPENDENCIES:
  - Flutter (from `.symlinks/flutter/ios`)
  - SnapKit (~> 4.0)
  - youtube-ios-player-helper (~> 0.1.4)
  - youtuyer (from `.symlinks/plugins/youtuyer/ios`)

SPEC REPOS:
  https://github.com/cocoapods/specs.git:
    - SnapKit
    - youtube-ios-player-helper

EXTERNAL SOURCES:
  Flutter:
    :path: ".symlinks/flutter/ios"
  youtuyer:
    :path: ".symlinks/plugins/youtuyer/ios"

SPEC CHECKSUMS:
  Flutter: 9d0fac939486c9aba2809b7982dfdbb47a7b0296
  SnapKit: fe8a619752f3f27075cc9a90244d75c6c3f27e2a
  youtube-ios-player-helper: 21ab92db027c7ff86cb17a3843a3f6eafc8158d2
  youtuyer: 38dd8753fd3f376dfc3217a2f93cf9935b186217

PODFILE CHECKSUM: 0c4399123e9061cf1372c2113845689a816a7433

COCOAPODS: 1.5.3
